
Microsoft Visual Studio Solution File, Format Version 12.00
# Visual Studio Version 17
VisualStudioVersion = 17.9.34701.34
MinimumVisualStudioVersion = 10.0.40219.1
Project("{9A19103F-16F7-4668-BE54-9A1E7A4F7556}") = "Restaurant.Entities", "Restaurant.Entities\Restaurant.Entities.csproj", "{7459F191-EE9C-409F-A2FB-A55B7BAD75CB}"
EndProject
Project("{2150E333-8FDC-42A3-9474-1A3956D46DE8}") = "1-FrontEnd", "1-FrontEnd", "{A896CFA9-B83D-482A-A6C3-45B056C07CA7}"
EndProject
Project("{2150E333-8FDC-42A3-9474-1A3956D46DE8}") = "2-BackEnd", "2-BackEnd", "{FE6D5C96-276C-4CA1-8111-EF76E0FE592B}"
EndProject
Project("{2150E333-8FDC-42A3-9474-1A3956D46DE8}") = "1-Entities", "1-Entities", "{7059D2FB-8720-49D9-A624-82F302C427B0}"
EndProject
Project("{2150E333-8FDC-42A3-9474-1A3956D46DE8}") = "2-Data Access", "2-Data Access", "{C4952446-E1C2-4D41-9325-D03A5967F176}"
EndProject
Project("{2150E333-8FDC-42A3-9474-1A3956D46DE8}") = "3-Business Logic", "3-Business Logic", "{B57E9040-6BA5-4D79-A9D2-277DA23C8CA0}"
EndProject
Project("{2150E333-8FDC-42A3-9474-1A3956D46DE8}") = "4-ApiRest", "4-ApiRest", "{6448C5D3-AE4C-495C-B8BF-B70463D6E50B}"
EndProject
Project("{2150E333-8FDC-42A3-9474-1A3956D46DE8}") = "5-Unit Test", "5-Unit Test", "{967DCD07-6546-4FD8-BCE5-ED5A44FAE19A}"
EndProject
Project("{2150E333-8FDC-42A3-9474-1A3956D46DE8}") = "3-Shared", "3-Shared", "{1C71637F-D3FF-471E-9D14-1B8BFB47AEBF}"
EndProject
Project("{9A19103F-16F7-4668-BE54-9A1E7A4F7556}") = "Restaurant.DataAccess", "Restaurant.DataAccess\Restaurant.DataAccess.csproj", "{51C6570B-827A-4C3B-8219-12692F3B62B6}"
EndProject
Project("{9A19103F-16F7-4668-BE54-9A1E7A4F7556}") = "Restaurant.Repositories", "Restaurant.Repositories\Restaurant.Repositories.csproj", "{CC2E9D40-AB2B-4C47-8FB1-9CF7D41C72F5}"
EndProject
Project("{9A19103F-16F7-4668-BE54-9A1E7A4F7556}") = "Restaurant.Services", "Restaurant.Services\Restaurant.Services.csproj", "{6EF29BFC-A383-4EFC-938F-67C2CFF505B9}"
EndProject
Project("{9A19103F-16F7-4668-BE54-9A1E7A4F7556}") = "Restaurant.UnitTest", "Restaurant.UnitTest\Restaurant.UnitTest.csproj", "{6BBA5E8C-7D4D-4F62-8E6E-1178842352A4}"
EndProject
Project("{9A19103F-16F7-4668-BE54-9A1E7A4F7556}") = "Restaurant.Shared", "Restaurant.Shared\Restaurant.Shared.csproj", "{3C6565A3-7BB1-4EE9-BCFB-200C5A7FC6D9}"
EndProject
Project("{9A19103F-16F7-4668-BE54-9A1E7A4F7556}") = "Restaurant.Client", "Restaurant.Client\Restaurant.Client.csproj", "{D1253A85-646D-4F08-B34C-321D99E7E693}"
EndProject
Project("{9A19103F-16F7-4668-BE54-9A1E7A4F7556}") = "Restaurant.Server", "Restaurant.Server\Restaurant.Server.csproj", "{7F34C388-1D94-44B9-9C9C-9F19F1B100A2}"
EndProject
Global
	GlobalSection(SolutionConfigurationPlatforms) = preSolution
		Debug|Any CPU = Debug|Any CPU
		Release|Any CPU = Release|Any CPU
	EndGlobalSection
	GlobalSection(ProjectConfigurationPlatforms) = postSolution
		{7459F191-EE9C-409F-A2FB-A55B7BAD75CB}.Debug|Any CPU.ActiveCfg = Debug|Any CPU
		{7459F191-EE9C-409F-A2FB-A55B7BAD75CB}.Debug|Any CPU.Build.0 = Debug|Any CPU
		{7459F191-EE9C-409F-A2FB-A55B7BAD75CB}.Release|Any CPU.ActiveCfg = Release|Any CPU
		{7459F191-EE9C-409F-A2FB-A55B7BAD75CB}.Release|Any CPU.Build.0 = Release|Any CPU
		{51C6570B-827A-4C3B-8219-12692F3B62B6}.Debug|Any CPU.ActiveCfg = Debug|Any CPU
		{51C6570B-827A-4C3B-8219-12692F3B62B6}.Debug|Any CPU.Build.0 = Debug|Any CPU
		{51C6570B-827A-4C3B-8219-12692F3B62B6}.Release|Any CPU.ActiveCfg = Release|Any CPU
		{51C6570B-827A-4C3B-8219-12692F3B62B6}.Release|Any CPU.Build.0 = Release|Any CPU
		{CC2E9D40-AB2B-4C47-8FB1-9CF7D41C72F5}.Debug|Any CPU.ActiveCfg = Debug|Any CPU
		{CC2E9D40-AB2B-4C47-8FB1-9CF7D41C72F5}.Debug|Any CPU.Build.0 = Debug|Any CPU
		{CC2E9D40-AB2B-4C47-8FB1-9CF7D41C72F5}.Release|Any CPU.ActiveCfg = Release|Any CPU
		{CC2E9D40-AB2B-4C47-8FB1-9CF7D41C72F5}.Release|Any CPU.Build.0 = Release|Any CPU
		{6EF29BFC-A383-4EFC-938F-67C2CFF505B9}.Debug|Any CPU.ActiveCfg = Debug|Any CPU
		{6EF29BFC-A383-4EFC-938F-67C2CFF505B9}.Debug|Any CPU.Build.0 = Debug|Any CPU
		{6EF29BFC-A383-4EFC-938F-67C2CFF505B9}.Release|Any CPU.ActiveCfg = Release|Any CPU
		{6EF29BFC-A383-4EFC-938F-67C2CFF505B9}.Release|Any CPU.Build.0 = Release|Any CPU
		{6BBA5E8C-7D4D-4F62-8E6E-1178842352A4}.Debug|Any CPU.ActiveCfg = Debug|Any CPU
		{6BBA5E8C-7D4D-4F62-8E6E-1178842352A4}.Debug|Any CPU.Build.0 = Debug|Any CPU
		{6BBA5E8C-7D4D-4F62-8E6E-1178842352A4}.Release|Any CPU.ActiveCfg = Release|Any CPU
		{6BBA5E8C-7D4D-4F62-8E6E-1178842352A4}.Release|Any CPU.Build.0 = Release|Any CPU
		{3C6565A3-7BB1-4EE9-BCFB-200C5A7FC6D9}.Debug|Any CPU.ActiveCfg = Debug|Any CPU
		{3C6565A3-7BB1-4EE9-BCFB-200C5A7FC6D9}.Debug|Any CPU.Build.0 = Debug|Any CPU
		{3C6565A3-7BB1-4EE9-BCFB-200C5A7FC6D9}.Release|Any CPU.ActiveCfg = Release|Any CPU
		{3C6565A3-7BB1-4EE9-BCFB-200C5A7FC6D9}.Release|Any CPU.Build.0 = Release|Any CPU
		{D1253A85-646D-4F08-B34C-321D99E7E693}.Debug|Any CPU.ActiveCfg = Debug|Any CPU
		{D1253A85-646D-4F08-B34C-321D99E7E693}.Debug|Any CPU.Build.0 = Debug|Any CPU
		{D1253A85-646D-4F08-B34C-321D99E7E693}.Release|Any CPU.ActiveCfg = Release|Any CPU
		{D1253A85-646D-4F08-B34C-321D99E7E693}.Release|Any CPU.Build.0 = Release|Any CPU
		{7F34C388-1D94-44B9-9C9C-9F19F1B100A2}.Debug|Any CPU.ActiveCfg = Debug|Any CPU
		{7F34C388-1D94-44B9-9C9C-9F19F1B100A2}.Debug|Any CPU.Build.0 = Debug|Any CPU
		{7F34C388-1D94-44B9-9C9C-9F19F1B100A2}.Release|Any CPU.ActiveCfg = Release|Any CPU
		{7F34C388-1D94-44B9-9C9C-9F19F1B100A2}.Release|Any CPU.Build.0 = Release|Any CPU
	EndGlobalSection
	GlobalSection(SolutionProperties) = preSolution
		HideSolutionNode = FALSE
	EndGlobalSection
	GlobalSection(NestedProjects) = preSolution
		{7459F191-EE9C-409F-A2FB-A55B7BAD75CB} = {7059D2FB-8720-49D9-A624-82F302C427B0}
		{7059D2FB-8720-49D9-A624-82F302C427B0} = {FE6D5C96-276C-4CA1-8111-EF76E0FE592B}
		{C4952446-E1C2-4D41-9325-D03A5967F176} = {FE6D5C96-276C-4CA1-8111-EF76E0FE592B}
		{B57E9040-6BA5-4D79-A9D2-277DA23C8CA0} = {FE6D5C96-276C-4CA1-8111-EF76E0FE592B}
		{6448C5D3-AE4C-495C-B8BF-B70463D6E50B} = {FE6D5C96-276C-4CA1-8111-EF76E0FE592B}
		{967DCD07-6546-4FD8-BCE5-ED5A44FAE19A} = {FE6D5C96-276C-4CA1-8111-EF76E0FE592B}
		{51C6570B-827A-4C3B-8219-12692F3B62B6} = {C4952446-E1C2-4D41-9325-D03A5967F176}
		{CC2E9D40-AB2B-4C47-8FB1-9CF7D41C72F5} = {C4952446-E1C2-4D41-9325-D03A5967F176}
		{6EF29BFC-A383-4EFC-938F-67C2CFF505B9} = {B57E9040-6BA5-4D79-A9D2-277DA23C8CA0}
		{6BBA5E8C-7D4D-4F62-8E6E-1178842352A4} = {967DCD07-6546-4FD8-BCE5-ED5A44FAE19A}
		{3C6565A3-7BB1-4EE9-BCFB-200C5A7FC6D9} = {1C71637F-D3FF-471E-9D14-1B8BFB47AEBF}
		{D1253A85-646D-4F08-B34C-321D99E7E693} = {A896CFA9-B83D-482A-A6C3-45B056C07CA7}
		{7F34C388-1D94-44B9-9C9C-9F19F1B100A2} = {6448C5D3-AE4C-495C-B8BF-B70463D6E50B}
	EndGlobalSection
	GlobalSection(ExtensibilityGlobals) = postSolution
		SolutionGuid = {DBB0416E-53AF-48CE-9352-331443329754}
	EndGlobalSection
EndGlobal
